// !$*UTF8*$!
{
	archiveVersion = 1;
	classes = {
	};
	objectVersion = 48;
	objects = {

/* Begin PBXBuildFile section */
		DCC18F30216139B5002BA7FA /* AppDelegate.swift in Sources */ = {isa = PBXBuildFile; fileRef = DCC18F2F216139B5002BA7FA /* AppDelegate.swift */; };
		DCC18F32216139B5002BA7FA /* ViewController.swift in Sources */ = {isa = PBXBuildFile; fileRef = DCC18F31216139B5002BA7FA /* ViewController.swift */; };
		DCC18F35216139B5002BA7FA /* Main.storyboard in Resources */ = {isa = PBXBuildFile; fileRef = DCC18F33216139B5002BA7FA /* Main.storyboard */; };
		DCC18F37216139B5002BA7FA /* Assets.xcassets in Resources */ = {isa = PBXBuildFile; fileRef = DCC18F36216139B5002BA7FA /* Assets.xcassets */; };
		DCC18F3A216139B5002BA7FA /* LaunchScreen.storyboard in Resources */ = {isa = PBXBuildFile; fileRef = DCC18F38216139B5002BA7FA /* LaunchScreen.storyboard */; };
/* End PBXBuildFile section */

/* Begin PBXFileReference section */
		DCC18F2C216139B5002BA7FA /* GoogleSign-Swift-Tutorial.app */ = {isa = PBXFileReference; explicitFileType = wrapper.application; includeInIndex = 0; path = "GoogleSign-Swift-Tutorial.app"; sourceTree = BUILT_PRODUCTS_DIR; };
		DCC18F2F216139B5002BA7FA /* AppDelegate.swift */ = {isa = PBXFileReference; lastKnownFileType = sourcecode.swift; path = AppDelegate.swift; sourceTree = "<group>"; };
		DCC18F31216139B5002BA7FA /* ViewController.swift */ = {isa = PBXFileReference; lastKnownFileType = sourcecode.swift; path = ViewController.swift; sourceTree = "<group>"; };
		DCC18F34216139B5002BA7FA /* Base */ = {isa = PBXFileReference; lastKnownFileType = file.storyboard; name = Base; path = Base.lproj/Main.storyboard; sourceTree = "<group>"; };
		DCC18F36216139B5002BA7FA /* Assets.xcassets */ = {isa = PBXFileReference; lastKnownFileType = folder.assetcatalog; path = Assets.xcassets; sourceTree = "<group>"; };
		DCC18F39216139B5002BA7FA /* Base */ = {isa = PBXFileReference; lastKnownFileType = file.storyboard; name = Base; path = Base.lproj/LaunchScreen.storyboard; sourceTree = "<group>"; };
		DCC18F3B216139B5002BA7FA /* Info.plist */ = {isa = PBXFileReference; lastKnownFileType = text.plist.xml; path = Info.plist; sourceTree = "<group>"; };
/* End PBXFileReference section */

/* Begin PBXFrameworksBuildPhase section */
		DCC18F29216139B5002BA7FA /* Frameworks */ = {
			isa = PBXFrameworksBuildPhase;
			buildActionMask = 2147483647;
			files = (
			);
			runOnlyForDeploymentPostprocessing = 0;
		};
/* End PBXFrameworksBuildPhase section */

/* Begin PBXGroup section */
		DCC18F23216139B5002BA7FA = {
			isa = PBXGroup;
			children = (
				DCC18F2E216139B5002BA7FA /* GoogleSign-Swift-Tutorial */,
				DCC18F2D216139B5002BA7FA /* Products */,
			);
			sourceTree = "<group>";
		};
		DCC18F2D216139B5002BA7FA /* Products */ = {
			isa = PBXGroup;
			children = (
				DCC18F2C216139B5002BA7FA /* GoogleSign-Swift-Tutorial.app */,
			);
			name = Products;
			sourceTree = "<group>";
		};
		DCC18F2E216139B5002BA7FA /* GoogleSign-Swift-Tutorial */ = {
			isa = PBXGroup;
			children = (
				DCC18F2F216139B5002BA7FA /* AppDelegate.swift */,
				DCC18F31216139B5002BA7FA /* ViewController.swift */,
				DCC18F33216139B5002BA7FA /* Main.storyboard */,
				DCC18F36216139B5002BA7FA /* Assets.xcassets */,
				DCC18F38216139B5002BA7FA /* LaunchScreen.storyboard */,
				DCC18F3B216139B5002BA7FA /* Info.plist */,
			);
			path = "GoogleSign-Swift-Tutorial";
			sourceTree = "<group>";
		};
/* End PBXGroup section */

/* Begin PBXNativeTarget section */
		DCC18F2B216139B5002BA7FA /* GoogleSign-Swift-Tutorial */ = {
			isa = PBXNativeTarget;
			buildConfigurationList = DCC18F3E216139B5002BA7FA /* Build configuration list for PBXNativeTarget "GoogleSign-Swift-Tutorial" */;
			buildPhases = (
				DCC18F28216139B5002BA7FA /* Sources */,
				DCC18F29216139B5002BA7FA /* Frameworks */,
				DCC18F2A216139B5002BA7FA /* Resources */,
			);
			buildRules = (
			);
			dependencies = (
			);
			name = "GoogleSign-Swift-Tutorial";
			productName = "GoogleSign-Swift-Tutorial";
			productReference = DCC18F2C216139B5002BA7FA /* GoogleSign-Swift-Tutorial.app */;
			productType = "com.apple.product-type.application";
		};
/* End PBXNativeTarget section */

/* Begin PBXProject section */
		DCC18F24216139B5002BA7FA /* Project object */ = {
			isa = PBXProject;
			attributes = {
				LastSwiftUpdateCheck = 0920;
				LastUpgradeCheck = 0920;
				ORGANIZATIONNAME = "Aman Aggarwal";
				TargetAttributes = {
					DCC18F2B216139B5002BA7FA = {
						CreatedOnToolsVersion = 9.2;
						ProvisioningStyle = Automatic;
					};
				};
			};
			buildConfigurationList = DCC18F27216139B5002BA7FA /* Build configuration list for PBXProject "GoogleSign-Swift-Tutorial" */;
			compatibilityVersion = "Xcode 8.0";
			developmentRegion = en;
			hasScannedForEncodings = 0;
			knownRegions = (
				en,
				Base,
			);
			mainGroup = DCC18F23216139B5002BA7FA;
			productRefGroup = DCC18F2D216139B5002BA7FA /* Products */;
			projectDirPath = "";
			projectRoot = "";
			targets = (
				DCC18F2B216139B5002BA7FA /* GoogleSign-Swift-Tutorial */,
			);
		};
/* End PBXProject section */

/* Begin PBXResourcesBuildPhase section */
		DCC18F2A216139B5002BA7FA /* Resources */ = {
			isa = PBXResourcesBuildPhase;
			buildActionMask = 2147483647;
			files = (
				DCC18F3A216139B5002BA7FA /* LaunchScreen.storyboard in Resources */,
				DCC18F37216139B5002BA7FA /* Assets.xcassets in Resources */,
				DCC18F35216139B5002BA7FA /* Main.storyboard in Resources */,
			);
			runOnlyForDeploymentPostprocessing = 0;
		};
/* End PBXResourcesBuildPhase section */

/* Begin PBXSourcesBuildPhase section */
		DCC18F28216139B5002BA7FA /* Sources */ = {
			isa = PBXSourcesBuildPhase;
			buildActionMask = 2147483647;
			files = (
				DCC18F32216139B5002BA7FA /* ViewController.swift in Sources */,
				DCC18F30216139B5002BA7FA /* AppDelegate.swift in Sources */,
			);
			runOnlyForDeploymentPostprocessing = 0;
		};
/* End PBXSourcesBuildPhase section */

/* Begin PBXVariantGroup section */
		DCC18F33216139B5002BA7FA /* Main.storyboard */ = {
			isa = PBXVariantGroup;
			children = (
				DCC18F34216139B5002BA7FA /* Base */,
			);
			name = Main.storyboard;
			sourceTree = "<group>";
		};
		DCC18F38216139B5002BA7FA /* LaunchScreen.storyboard */ = {
			isa = PBXVariantGroup;
			children = (
				DCC18F39216139B5002BA7FA /* Base */,
			);
			name = LaunchScreen.storyboard;
			sourceTree = "<group>";
		};
/* End PBXVariantGroup section */

/* Begin XCBuildConfiguration section */
		DCC18F3C216139B5002BA7FA /* Debug */ = {
			isa = XCBuildConfiguration;
			buildSettings = {
				ALWAYS_SEARCH_USER_PATHS = NO;
				CLANG_ANALYZER_NONNULL = YES;
				CLANG_ANALYZER_NUMBER_OBJECT_CONVERSION = YES_AGGRESSIVE;
				CLANG_CXX_LANGUAGE_STANDARD = "gnu++14";
				CLANG_CXX_LIBRARY = "libc++";
				CLANG_ENABLE_MODULES = YES;
				CLANG_ENABLE_OBJC_ARC = YES;
				CLANG_WARN_BLOCK_CAPTURE_AUTORELEASING = YES;
				CLANG_WARN_BOOL_CONVERSION = YES;
				CLANG_WARN_COMMA = YES;
				CLANG_WARN_CONSTANT_CONVERSION = YES;
				CLANG_WARN_DIRECT_OBJC_ISA_USAGE = YES_ERROR;
				CLANG_WARN_DOCUMENTATION_COMMENTS = YES;
				CLANG_WARN_EMPTY_BODY = YES;
				CLANG_WARN_ENUM_CONVERSION = YES;
				CLANG_WARN_INFINITE_RECURSION = YES;
				CLANG_WARN_INT_CONVERSION = YES;
				CLANG_WARN_NON_LITERAL_NULL_CONVERSION = YES;
				CLANG_WARN_OBJC_LITERAL_CONVERSION = YES;
				CLANG_WARN_OBJC_ROOT_CLASS = YES_ERROR;
				CLANG_WARN_RANGE_LOOP_ANALYSIS = YES;
				CLANG_WARN_STRICT_PROTOTYPES = YES;
				CLANG_WARN_SUSPICIOUS_MOVE = YES;
				CLANG_WARN_UNGUARDED_AVAILABILITY = YES_AGGRESSIVE;
				CLANG_WARN_UNREACHABLE_CODE = YES;
				CLANG_WARN__DUPLICATE_METHOD_MATCH = YES;
				CODE_SIGN_IDENTITY = "iPhone Developer";
				COPY_PHASE_STRIP = NO;
				DEBUG_INFORMATION_FORMAT = dwarf;
				ENABLE_STRICT_OBJC_MSGSEND = YES;
				ENABLE_TESTABILITY = YES;
				GCC_C_LANGUAGE_STANDARD = gnu11;
				GCC_DYNAMIC_NO_PIC = NO;
				GCC_NO_COMMON_BLOCKS = YES;
				GCC_OPTIMIZATION_LEVEL = 0;
				GCC_PREPROCESSOR_DEFINITIONS = (
					"DEBUG=1",
					"$(inherited)",
				);
				GCC_WARN_64_TO_32_BIT_CONVERSION = YES;
				GCC_WARN_ABOUT_RETURN_TYPE = YES_ERROR;
				GCC_WARN_UNDECLARED_SELECTOR = YES;
				GCC_WARN_UNINITIALIZED_AUTOS = YES_AGGRESSIVE;
				GCC_WARN_UNUSED_FUNCTION = YES;
				GCC_WARN_UNUSED_VARIABLE = YES;
				IPHONEOS_DEPLOYMENT_TARGET = 11.2;
				MTL_ENABLE_DEBUG_INFO = YES;
				ONLY_ACTIVE_ARCH = YES;
				SDKROOT = iphoneos;
				SWIFT_ACTIVE_COMPILATION_CONDITIONS = DEBUG;
				SWIFT_OPTIMIZATION_LEVEL = "-Onone";
			};
			name = Debug;
		};
		DCC18F3D216139B5002BA7FA /* Release */ = {
			isa = XCBuildConfiguration;
			buildSettings = {
				ALWAYS_SEARCH_USER_PATHS = NO;
				CLANG_ANALYZER_NONNULL = YES;
				CLANG_ANALYZER_NUMBER_OBJECT_CONVERSION = YES_AGGRESSIVE;
				CLANG_CXX_LANGUAGE_STANDARD = "gnu++14";
				CLANG_CXX_LIBRARY = "libc++";
				CLANG_ENABLE_MODULES = YES;
				CLANG_ENABLE_OBJC_ARC = YES;
				CLANG_WARN_BLOCK_CAPTURE_AUTORELEASING = YES;
				CLANG_WARN_BOOL_CONVERSION = YES;
				CLANG_WARN_COMMA = YES;
				CLANG_WARN_CONSTANT_CONVERSION = YES;
				CLANG_WARN_DIRECT_OBJC_ISA_USAGE = YES_ERROR;
				CLANG_WARN_DOCUMENTATION_COMMENTS = YES;
				CLANG_WARN_EMPTY_BODY = YES;
				CLANG_WARN_ENUM_CONVERSION = YES;
				CLANG_WARN_INFINITE_RECURSION = YES;
				CLANG_WARN_INT_CONVERSION = YES;
				CLANG_WARN_NON_LITERAL_NULL_CONVERSION = YES;
				CLANG_WARN_OBJC_LITERAL_CONVERSION = YES;
				CLANG_WARN_OBJC_ROOT_CLASS = YES_ERROR;
				CLANG_WARN_RANGE_LOOP_ANALYSIS = YES;
				CLANG_WARN_STRICT_PROTOTYPES = YES;
				CLANG_WARN_SUSPICIOUS_MOVE = YES;
				CLANG_WARN_UNGUARDED_AVAILABILITY = YES_AGGRESSIVE;
				CLANG_WARN_UNREACHABLE_CODE = YES;
				CLANG_WARN__DUPLICATE_METHOD_MATCH = YES;
				CODE_SIGN_IDENTITY = "iPhone Developer";
				COPY_PHASE_STRIP = NO;
				DEBUG_INFORMATION_FORMAT = "dwarf-with-dsym";
				ENABLE_NS_ASSERTIONS = NO;
				ENABLE_STRICT_OBJC_MSGSEND = YES;
				GCC_C_LANGUAGE_STANDARD = gnu11;
				GCC_NO_COMMON_BLOCKS = YES;
				GCC_WARN_64_TO_32_BIT_CONVERSION = YES;
				GCC_WARN_ABOUT_RETURN_TYPE = YES_ERROR;
				GCC_WARN_UNDECLARED_SELECTOR = YES;
				GCC_WARN_UNINITIALIZED_AUTOS = YES_AGGRESSIVE;
				GCC_WARN_UNUSED_FUNCTION = YES;
				GCC_WARN_UNUSED_VARIABLE = YES;
				IPHONEOS_DEPLOYMENT_TARGET = 11.2;
				MTL_ENABLE_DEBUG_INFO = NO;
				SDKROOT = iphoneos;
				SWIFT_OPTIMIZATION_LEVEL = "-Owholemodule";
				VALIDATE_PRODUCT = YES;
			};
			name = Release;
		};
		DCC18F3F216139B5002BA7FA /* Debug */ = {
			isa = XCBuildConfiguration;
			buildSettings = {
				ASSETCATALOG_COMPILER_APPICON_NAME = AppIcon;
				CODE_SIGN_STYLE = Automatic;
				INFOPLIST_FILE = "GoogleSign-Swift-Tutorial/Info.plist";
				LD_RUNPATH_SEARCH_PATHS = "$(inherited) @executable_path/Frameworks";
				PRODUCT_BUNDLE_IDENTIFIER = "com.iostutorialjunction.GoogleSign-Swift-Tutorial";
				PRODUCT_NAME = "$(TARGET_NAME)";
				SWIFT_VERSION = 4.0;
				TARGETED_DEVICE_FAMILY = "1,2";
			};
			name = Debug;
		};
		DCC18F40216139B5002BA7FA /* Release */ = {
			isa = XCBuildConfiguration;
			buildSettings = {
				ASSETCATALOG_COMPILER_APPICON_NAME = AppIcon;
				CODE_SIGN_STYLE = Automatic;
				INFOPLIST_FILE = "GoogleSign-Swift-Tutorial/Info.plist";
				LD_RUNPATH_SEARCH_PATHS = "$(inherited) @executable_path/Frameworks";
				PRODUCT_BUNDLE_IDENTIFIER = "com.iostutorialjunction.GoogleSign-Swift-Tutorial";
				PRODUCT_NAME = "$(TARGET_NAME)";
				SWIFT_VERSION = 4.0;
				TARGETED_DEVICE_FAMILY = "1,2";
			};
			name = Release;
		};
/* End XCBuildConfiguration section */

/* Begin XCConfigurationList section */
		DCC18F27216139B5002BA7FA /* Build configuration list for PBXProject "GoogleSign-Swift-Tutorial" */ = {
			isa = XCConfigurationList;
			buildConfigurations = (
				DCC18F3C216139B5002BA7FA /* Debug */,
				DCC18F3D216139B5002BA7FA /* Release */,
			);
			defaultConfigurationIsVisible = 0;
			defaultConfigurationName = Release;
		};
		DCC18F3E216139B5002BA7FA /* Build configuration list for PBXNativeTarget "GoogleSign-Swift-Tutorial" */ = {
			isa = XCConfigurationList;
			buildConfigurations = (
				DCC18F3F216139B5002BA7FA /* Debug */,
				DCC18F40216139B5002BA7FA /* Release */,
			);
			defaultConfigurationIsVisible = 0;
			defaultConfigurationName = Release;
		};
/* End XCConfigurationList section */
	};
	rootObject = DCC18F24216139B5002BA7FA /* Project object */;
}
